<!-- Version: 2026.08.24.17.38.00 -->
<Solution>
  <Folder Name="/01_EntryPoints/01_Desktop/">
    <Project Path="Magnetar.Photo.Heimdall.Desktop/Magnetar.Photo.Heimdall.Desktop.csproj" />
  </Folder>
  <Folder Name="/01_EntryPoints/02_Host/">
    <Project Path="Magnetar.Photo.Heimdall.Host/Magnetar.Photo.Heimdall.Host.csproj" />
  </Folder>
  <Folder Name="/02_PresentationLogic/">
    <Project Path="Magnetar.Photo.Heimdall.PresentationLogic/Magnetar.Photo.Heimdall.PresentationLogic.csproj" />
  </Folder>
  <Folder Name="/03_BusinessLogic/">
    <Project Path="Magnetar.Photo.Heimdall.BusinessLogic/Magnetar.Photo.Heimdall.BusinessLogic.csproj" />
  </Folder>
  <Folder Name="/04_DataAccess/">
    <Project Path="Magnetar.Photo.Heimdall.DataAccess/Magnetar.Photo.Heimdall.DataAccess.csproj" />
  </Folder>
  <Folder Name="/05_DataAccessAdapters/01_Database/">
    <Project Path="Magnetar.Photo.Heimdall.DataAccess.Database/Magnetar.Photo.Heimdall.DataAccess.Database.csproj" />
  </Folder>
  <Folder Name="/05_DataAccessAdapters/02_IO/">
    <Project Path="Magnetar.Photo.Heimdall.DataAccess.IO/Magnetar.Photo.Heimdall.DataAccess.IO.csproj" />
  </Folder>
  <Folder Name="/05_DataAccessAdapters/03_Net/">
    <Project Path="Magnetar.Photo.Heimdall.DataAccess.Net/Magnetar.Photo.Heimdall.DataAccess.Net.csproj" />
  </Folder>
  <Folder Name="/80_SharedContracts/">
    <Project Path="Magnetar.Photo.Heimdall.RemoteContracts/Magnetar.Photo.Heimdall.RemoteContracts.csproj" />
  </Folder>
  <Folder Name="/90_Tests/01_UnitTests/01_EntryPoints/">
    <Project Path="Magnetar.Photo.Heimdall.Desktop.Tests/Magnetar.Photo.Heimdall.Desktop.Tests.csproj" />
    <Project Path="Magnetar.Photo.Heimdall.Host.Tests/Magnetar.Photo.Heimdall.Host.Tests.csproj" />
  </Folder>
  <Folder Name="/90_Tests/01_UnitTests/02_PresentationLogic/">
    <Project Path="Magnetar.Photo.Heimdall.PresentationLogic.Tests/Magnetar.Photo.Heimdall.PresentationLogic.Tests.csproj" />
  </Folder>
  <Folder Name="/90_Tests/01_UnitTests/03_BusinessLogic/">
    <Project Path="Magnetar.Photo.Heimdall.BusinessLogic.Tests/Magnetar.Photo.Heimdall.BusinessLogic.Tests.csproj" />
  </Folder>
  <Folder Name="/90_Tests/01_UnitTests/04_DataAccess/">
    <Project Path="Magnetar.Photo.Heimdall.DataAccess.Tests/Magnetar.Photo.Heimdall.DataAccess.Tests.csproj" />
  </Folder>
  <Folder Name="/90_Tests/01_UnitTests/05_DataAccessAdapters/">
    <Project Path="Magnetar.Photo.Heimdall.DataAccess.Database.Tests/Magnetar.Photo.Heimdall.DataAccess.Database.Tests.csproj" />
    <Project Path="Magnetar.Photo.Heimdall.DataAccess.IO.Tests/Magnetar.Photo.Heimdall.DataAccess.IO.Tests.csproj" />
    <Project Path="Magnetar.Photo.Heimdall.DataAccess.Net.Tests/Magnetar.Photo.Heimdall.DataAccess.Net.Tests.csproj" />
  </Folder>
  <Folder Name="/90_Tests/01_UnitTests/80_SharedContracts/">
    <Project Path="Magnetar.Photo.Heimdall.RemoteContracts.Tests/Magnetar.Photo.Heimdall.RemoteContracts.Tests.csproj" />
  </Folder>
  <Folder Name="/90_Tests/02_IntegrationTests/">
    <Project Path="Magnetar.Photo.Heimdall.Desktop.IntegrationTests/Magnetar.Photo.Heimdall.Desktop.IntegrationTests.csproj" />
    <Project Path="Magnetar.Photo.Heimdall.IntegrationTests/Magnetar.Photo.Heimdall.IntegrationTests.csproj" />
    <Project Path="Magnetar.Photo.Heimdall.MediaAnalysis.IntegrationTests/Magnetar.Photo.Heimdall.MediaAnalysis.IntegrationTests.csproj" />
    <Project Path="Magnetar.Photo.Heimdall.RemoteContracts.IntegrationTests/Magnetar.Photo.Heimdall.RemoteContracts.IntegrationTests.csproj" />
  </Folder>
</Solution>
