<!-- Version: 2026.08.24.17.27.10 -->
<Solution>
  <Project Path="Magnetar.Photo.Heimdall.BusinessLogic/Magnetar.Photo.Heimdall.BusinessLogic.csproj" />
  <Project Path="Magnetar.Photo.Heimdall.DataAccess.IO/Magnetar.Photo.Heimdall.DataAccess.IO.csproj" />
  <Project Path="Magnetar.Photo.Heimdall.DataAccess/Magnetar.Photo.Heimdall.DataAccess.csproj" />
  <Project Path="Magnetar.Photo.Heimdall.Desktop.IntegrationTests/Magnetar.Photo.Heimdall.Desktop.IntegrationTests.csproj" />
  <Project Path="Magnetar.Photo.Heimdall.Desktop/Magnetar.Photo.Heimdall.Desktop.csproj" />
  <Project Path="Magnetar.Photo.Heimdall.Host/Magnetar.Photo.Heimdall.Host.csproj" />
  <Project Path="Magnetar.Photo.Heimdall.IntegrationTests/Magnetar.Photo.Heimdall.IntegrationTests.csproj" />
  <Project Path="Magnetar.Photo.Heimdall.MediaAnalysis.IntegrationTests/Magnetar.Photo.Heimdall.MediaAnalysis.IntegrationTests.csproj" />
  <Project Path="Magnetar.Photo.Heimdall.MediaAnalysis/Magnetar.Photo.Heimdall.MediaAnalysis.csproj" />
  <Project Path="Magnetar.Photo.Heimdall.PresentationLogic/Magnetar.Photo.Heimdall.PresentationLogic.csproj" />
</Solution>
